
Microsoft Visual Studio Solution File, Format Version 12.00
# Visual Studio Version 16
VisualStudioVersion = 16.0.31702.278
MinimumVisualStudioVersion = 10.0.40219.1
Project("{9A19103F-16F7-4668-BE54-9A1E7A4F7556}") = "Citel.Api", "Citel.Api\Citel.Api.csproj", "{FDAC8C73-8F6D-4373-B287-AD786A4337A6}"
EndProject
Project("{FAE04EC0-301F-11D3-BF4B-00C04F79EFBC}") = "Citel.Application", "Citel.Application\Citel.Application.csproj", "{164CFE03-9BF1-46E2-A0BF-C6607921B432}"
EndProject
Project("{FAE04EC0-301F-11D3-BF4B-00C04F79EFBC}") = "Citel.Domain", "Citel.Domain\Citel.Domain.csproj", "{6F621657-77E4-42AD-BA8B-561E42E84F91}"
EndProject
Project("{FAE04EC0-301F-11D3-BF4B-00C04F79EFBC}") = "Citel.Infra.Data", "Citel.Infra.Data\Citel.Infra.Data.csproj", "{3C4B568D-FC90-46FE-BD32-5925E2B4116D}"
EndProject
Project("{FAE04EC0-301F-11D3-BF4B-00C04F79EFBC}") = "Citel.Infra.Ioc", "Citel.Infra.Ioc\Citel.Infra.Ioc.csproj", "{4EA2D9AE-E61E-4584-9990-61DF2B5BB21D}"
EndProject
Global
	GlobalSection(SolutionConfigurationPlatforms) = preSolution
		Debug|Any CPU = Debug|Any CPU
		Release|Any CPU = Release|Any CPU
	EndGlobalSection
	GlobalSection(ProjectConfigurationPlatforms) = postSolution
		{FDAC8C73-8F6D-4373-B287-AD786A4337A6}.Debug|Any CPU.ActiveCfg = Debug|Any CPU
		{FDAC8C73-8F6D-4373-B287-AD786A4337A6}.Debug|Any CPU.Build.0 = Debug|Any CPU
		{FDAC8C73-8F6D-4373-B287-AD786A4337A6}.Release|Any CPU.ActiveCfg = Release|Any CPU
		{FDAC8C73-8F6D-4373-B287-AD786A4337A6}.Release|Any CPU.Build.0 = Release|Any CPU
		{164CFE03-9BF1-46E2-A0BF-C6607921B432}.Debug|Any CPU.ActiveCfg = Debug|Any CPU
		{164CFE03-9BF1-46E2-A0BF-C6607921B432}.Debug|Any CPU.Build.0 = Debug|Any CPU
		{164CFE03-9BF1-46E2-A0BF-C6607921B432}.Release|Any CPU.ActiveCfg = Release|Any CPU
		{164CFE03-9BF1-46E2-A0BF-C6607921B432}.Release|Any CPU.Build.0 = Release|Any CPU
		{6F621657-77E4-42AD-BA8B-561E42E84F91}.Debug|Any CPU.ActiveCfg = Debug|Any CPU
		{6F621657-77E4-42AD-BA8B-561E42E84F91}.Debug|Any CPU.Build.0 = Debug|Any CPU
		{6F621657-77E4-42AD-BA8B-561E42E84F91}.Release|Any CPU.ActiveCfg = Release|Any CPU
		{6F621657-77E4-42AD-BA8B-561E42E84F91}.Release|Any CPU.Build.0 = Release|Any CPU
		{3C4B568D-FC90-46FE-BD32-5925E2B4116D}.Debug|Any CPU.ActiveCfg = Debug|Any CPU
		{3C4B568D-FC90-46FE-BD32-5925E2B4116D}.Debug|Any CPU.Build.0 = Debug|Any CPU
		{3C4B568D-FC90-46FE-BD32-5925E2B4116D}.Release|Any CPU.ActiveCfg = Release|Any CPU
		{3C4B568D-FC90-46FE-BD32-5925E2B4116D}.Release|Any CPU.Build.0 = Release|Any CPU
		{4EA2D9AE-E61E-4584-9990-61DF2B5BB21D}.Debug|Any CPU.ActiveCfg = Debug|Any CPU
		{4EA2D9AE-E61E-4584-9990-61DF2B5BB21D}.Debug|Any CPU.Build.0 = Debug|Any CPU
		{4EA2D9AE-E61E-4584-9990-61DF2B5BB21D}.Release|Any CPU.ActiveCfg = Release|Any CPU
		{4EA2D9AE-E61E-4584-9990-61DF2B5BB21D}.Release|Any CPU.Build.0 = Release|Any CPU
	EndGlobalSection
	GlobalSection(SolutionProperties) = preSolution
		HideSolutionNode = FALSE
	EndGlobalSection
	GlobalSection(ExtensibilityGlobals) = postSolution
		SolutionGuid = {EE4A419D-5D4D-4D09-A6B9-A3E67FE4DB68}
	EndGlobalSection
EndGlobal
